<?xml version="1.0" encoding="utf-8"?>
<Project ToolsVersion="4.0" xmlns="http://schemas.microsoft.com/developer/msbuild/2003">
  <ItemGroup>
    <Filter Include="Source Files">
      <UniqueIdentifier>{4FC737F1-C7A5-4376-A066-2A32D752A2FF}</UniqueIdentifier>
      <Extensions>cpp;c;cc;cxx;def;odl;idl;hpj;bat;asm;asmx</Extensions>
    </Filter>
    <Filter Include="Source Files\Peak">
      <UniqueIdentifier>{fd7d43ca-2ce4-4cd9-bb3c-cbfa48e52cf5}</UniqueIdentifier>
    </Filter>
    <Filter Include="Source Files\IXXAT">
      <UniqueIdentifier>{a9e96a03-1270-4f98-ba7c-182a9cda228f}</UniqueIdentifier>
    </Filter>
    <Filter Include="Source Files\ESD">
      <UniqueIdentifier>{1da0e0e2-ac59-42c0-8ed5-ab3e2e6e3c61}</UniqueIdentifier>
    </Filter>
    <Filter Include="Source Files\Kvaser">
      <UniqueIdentifier>{68843d39-7f09-42fa-88b3-de5c7e2d48ad}</UniqueIdentifier>
    </Filter>
    <Filter Include="Source Files\NI">
      <UniqueIdentifier>{91a94ccd-eac0-48a1-91e8-1bd6f9001d06}</UniqueIdentifier>
    </Filter>
    <Filter Include="Source Files\Softing">
      <UniqueIdentifier>{bafb7851-9edb-4f50-9523-28b610a2ccb7}</UniqueIdentifier>
    </Filter>
    <Filter Include="Source Files\EasySYNC">
      <UniqueIdentifier>{1abf3141-3d74-4e0c-b9b9-985fa25668c8}</UniqueIdentifier>
    </Filter>
    <Filter Include="Header Files">
      <UniqueIdentifier>{93995380-89BD-4b04-88EB-625FBE52EBFB}</UniqueIdentifier>
      <Extensions>h;hpp;hxx;hm;inl;inc;xsd</Extensions>
    </Filter>
    <Filter Include="Header Files\Peak">
      <UniqueIdentifier>{ec3ff9d0-3150-4fae-bce0-a9a85f018ea6}</UniqueIdentifier>
    </Filter>
    <Filter Include="Header Files\IXXAT">
      <UniqueIdentifier>{f8f80fc6-bca2-49e7-ba35-ae82fad4ae97}</UniqueIdentifier>
    </Filter>
    <Filter Include="Header Files\Softing">
      <UniqueIdentifier>{18b66398-dfe6-4217-8254-bc65ec2af3f7}</UniqueIdentifier>
    </Filter>
    <Filter Include="Header Files\ESD">
      <UniqueIdentifier>{28411892-2ebd-45bf-9f58-47199fdb4153}</UniqueIdentifier>
    </Filter>
    <Filter Include="Header Files\Kvaser">
      <UniqueIdentifier>{7fe2b0b2-cab0-4c86-a951-2ee8703a8cb6}</UniqueIdentifier>
    </Filter>
    <Filter Include="Header Files\NI">
      <UniqueIdentifier>{91a53e78-d7f8-42d4-aa15-42880c4ec4b5}</UniqueIdentifier>
    </Filter>
    <Filter Include="Header Files\EasySYNC">
      <UniqueIdentifier>{f8790086-1d31-4629-97e9-497fa5489077}</UniqueIdentifier>
    </Filter>
  </ItemGroup>
  <ItemGroup>
    <ClCompile Include="myAllegroHand.cpp">
      <Filter>Source Files</Filter>
    </ClCompile>
    <ClCompile Include="RockScissorsPaper.cpp">
      <Filter>Source Files</Filter>
    </ClCompile>
    <ClCompile Include="stdafx.cpp">
      <Filter>Source Files</Filter>
    </ClCompile>
    <ClCompile Include="src\Peak\canAPI.cpp">
      <Filter>Source Files\Peak</Filter>
    </ClCompile>
    <ClCompile Include="src\IXXAT\canAPI.cpp">
      <Filter>Source Files\IXXAT</Filter>
    </ClCompile>
    <ClCompile Include="src\IXXAT\dialog.cpp">
      <Filter>Source Files\IXXAT</Filter>
    </ClCompile>
    <ClCompile Include="src\IXXAT\select.cpp">
      <Filter>Source Files\IXXAT</Filter>
    </ClCompile>
    <ClCompile Include="src\ESD-CAN\canAPI.cpp">
      <Filter>Source Files\ESD</Filter>
    </ClCompile>
    <ClCompile Include="src\Kvaser\canAPI.cpp">
      <Filter>Source Files\Kvaser</Filter>
    </ClCompile>
    <ClCompile Include="src\NI-CAN\canAPI.cpp">
      <Filter>Source Files\NI</Filter>
    </ClCompile>
    <ClCompile Include="src\Softing\canAPI.cpp">
      <Filter>Source Files\Softing</Filter>
    </ClCompile>
    <ClCompile Include="src\EasySYNC\canAPI.cpp">
      <Filter>Source Files\EasySYNC</Filter>
    </ClCompile>
  </ItemGroup>
  <ItemGroup>
    <ResourceCompile Include="src\IXXAT\cancon.rc">
      <Filter>Source Files\IXXAT</Filter>
    </ResourceCompile>
  </ItemGroup>
  <ItemGroup>
    <None Include="src\IXXAT\cancon.rh">
      <Filter>Source Files\IXXAT</Filter>
    </None>
  </ItemGroup>
  <ItemGroup>
    <ClInclude Include="src\IXXAT\dialog.hpp">
      <Filter>Source Files\IXXAT</Filter>
    </ClInclude>
    <ClInclude Include="src\IXXAT\select.hpp">
      <Filter>Source Files\IXXAT</Filter>
    </ClInclude>
    <ClInclude Include="include\canAPI.h">
      <Filter>Header Files</Filter>
    </ClInclude>
    <ClInclude Include="include\canDef.h">
      <Filter>Header Files</Filter>
    </ClInclude>
    <ClInclude Include="include\rDeviceAllegroHandCANDef.h">
      <Filter>Header Files</Filter>
    </ClInclude>
    <ClInclude Include="RockScissorsPaper.h">
      <Filter>Header Files</Filter>
    </ClInclude>
    <ClInclude Include="stdafx.h">
      <Filter>Header Files</Filter>
    </ClInclude>
    <ClInclude Include="targetver.h">
      <Filter>Header Files</Filter>
    </ClInclude>
    <ClInclude Include="include\Peak\PCANBasic.h">
      <Filter>Header Files\Peak</Filter>
    </ClInclude>
    <ClInclude Include="include\IXXAT\CANtype.h">
      <Filter>Header Files\IXXAT</Filter>
    </ClInclude>
    <ClInclude Include="include\IXXAT\KLNtype.h">
      <Filter>Header Files\IXXAT</Filter>
    </ClInclude>
    <ClInclude Include="include\IXXAT\LINtype.h">
      <Filter>Header Files\IXXAT</Filter>
    </ClInclude>
    <ClInclude Include="include\IXXAT\vci3.h">
      <Filter>Header Files\IXXAT</Filter>
    </ClInclude>
    <ClInclude Include="include\IXXAT\vciCtrlType.h">
      <Filter>Header Files\IXXAT</Filter>
    </ClInclude>
    <ClInclude Include="include\IXXAT\vcierr.h">
      <Filter>Header Files\IXXAT</Filter>
    </ClInclude>
    <ClInclude Include="include\IXXAT\vciguid.h">
      <Filter>Header Files\IXXAT</Filter>
    </ClInclude>
    <ClInclude Include="include\IXXAT\vciIdType.h">
      <Filter>Header Files\IXXAT</Filter>
    </ClInclude>
    <ClInclude Include="include\IXXAT\vcinpl.h">
      <Filter>Header Files\IXXAT</Filter>
    </ClInclude>
    <ClInclude Include="include\IXXAT\vcitype.h">
      <Filter>Header Files\IXXAT</Filter>
    </ClInclude>
    <ClInclude Include="include\IXXAT\vciver.h">
      <Filter>Header Files\IXXAT</Filter>
    </ClInclude>
    <ClInclude Include="include\Softing\Can_def.h">
      <Filter>Header Files\Softing</Filter>
    </ClInclude>
    <ClInclude Include="include\Softing\CANL2.H">
      <Filter>Header Files\Softing</Filter>
    </ClInclude>
    <ClInclude Include="include\ESD-CAN\ntcan.h">
      <Filter>Header Files\ESD</Filter>
    </ClInclude>
    <ClInclude Include="include\Kvaser\canlib.h">
      <Filter>Header Files\Kvaser</Filter>
    </ClInclude>
    <ClInclude Include="include\NI-CAN\Nican.h">
      <Filter>Header Files\NI</Filter>
    </ClInclude>
    <ClInclude Include="include\EasySYNC\USBCanPlusDllF.h">
      <Filter>Header Files\EasySYNC</Filter>
    </ClInclude>
  </ItemGroup>
</Project>